{
  "name": "tlru-collection",
  "version": "1.0.0",
  "lockfileVersion": 2,
  "requires": true,
  "packages": {
    "": {
      "name": "tlru-collection",
      "version": "1.0.0",
      "license": "MIT",
      "dependencies": {
        "@discordjs/collection": "^0.2.1",
        "fun-dispatcher": "^1.2.6"
      },
      "engines": {
        "node": ">=16.6.0",
        "npm": ">=7.0.0"
      }
    },
    "node_modules/@discordjs/collection": {
      "version": "0.2.1",
      "resolved": "https://registry.npmjs.org/@discordjs/collection/-/collection-0.2.1.tgz",
      "integrity": "sha512-vhxqzzM8gkomw0TYRF3tgx7SwElzUlXT/Aa41O7mOcyN6wIJfj5JmDWaO5XGKsGSsNx7F3i5oIlrucCCWV1Nog==",
      "engines": {
        "node": ">=14.0.0"
      }
    },
    "node_modules/fun-dispatcher": {
      "version": "1.2.6",
      "resolved": "https://registry.npmjs.org/fun-dispatcher/-/fun-dispatcher-1.2.6.tgz",
      "integrity": "sha512-lw6LoVrReV6qlaADvy0ua9a1f3W9qGLd8BBfLnzIV0YCfZd3jo5caZsgBBGOw/tO50P783iFEK8aTSwtQ67KDQ==",
      "engines": {
        "node": ">=12.1"
      }
    }
  },
  "dependencies": {
    "@discordjs/collection": {
      "version": "0.2.1",
      "resolved": "https://registry.npmjs.org/@discordjs/collection/-/collection-0.2.1.tgz",
      "integrity": "sha512-vhxqzzM8gkomw0TYRF3tgx7SwElzUlXT/Aa41O7mOcyN6wIJfj5JmDWaO5XGKsGSsNx7F3i5oIlrucCCWV1Nog=="
    },
    "fun-dispatcher": {
      "version": "1.2.6",
      "resolved": "https://registry.npmjs.org/fun-dispatcher/-/fun-dispatcher-1.2.6.tgz",
      "integrity": "sha512-lw6LoVrReV6qlaADvy0ua9a1f3W9qGLd8BBfLnzIV0YCfZd3jo5caZsgBBGOw/tO50P783iFEK8aTSwtQ67KDQ=="
    }
  }
}
